
Microsoft Visual Studio Solution File, Format Version 12.00
# Visual Studio Version 17
VisualStudioVersion = 17.4.33213.308
MinimumVisualStudioVersion = 10.0.40219.1
Project("{FAE04EC0-301F-11D3-BF4B-00C04F79EFBC}") = "RepositoryPattern", "RepositoryPattern\RepositoryPattern.csproj", "{421C358A-1948-418F-824D-BD5E1847A25B}"
EndProject
Global
	GlobalSection(SolutionConfigurationPlatforms) = preSolution
		Debug|Any CPU = Debug|Any CPU
		Release|Any CPU = Release|Any CPU
	EndGlobalSection
	GlobalSection(ProjectConfigurationPlatforms) = postSolution
		{421C358A-1948-418F-824D-BD5E1847A25B}.Debug|Any CPU.ActiveCfg = Debug|Any CPU
		{421C358A-1948-418F-824D-BD5E1847A25B}.Debug|Any CPU.Build.0 = Debug|Any CPU
		{421C358A-1948-418F-824D-BD5E1847A25B}.Release|Any CPU.ActiveCfg = Release|Any CPU
		{421C358A-1948-418F-824D-BD5E1847A25B}.Release|Any CPU.Build.0 = Release|Any CPU
	EndGlobalSection
	GlobalSection(SolutionProperties) = preSolution
		HideSolutionNode = FALSE
	EndGlobalSection
	GlobalSection(ExtensibilityGlobals) = postSolution
		SolutionGuid = {5A04B8C3-1BAB-4672-ABC0-5E52C0639013}
	EndGlobalSection
EndGlobal
